
Microsoft Visual Studio Solution File, Format Version 12.00
# Visual Studio Version 16
VisualStudioVersion = 16.0.32002.261
MinimumVisualStudioVersion = 10.0.40219.1
Project("{FAE04EC0-301F-11D3-BF4B-00C04F79EFBC}") = "Bookstore", "Bookstore\Bookstore.csproj", "{F59DE7A4-9F53-46BE-B1A7-78DA6EDD9162}"
EndProject
Global
	GlobalSection(SolutionConfigurationPlatforms) = preSolution
		Debug|Any CPU = Debug|Any CPU
		Release|Any CPU = Release|Any CPU
	EndGlobalSection
	GlobalSection(ProjectConfigurationPlatforms) = postSolution
		{F59DE7A4-9F53-46BE-B1A7-78DA6EDD9162}.Debug|Any CPU.ActiveCfg = Debug|Any CPU
		{F59DE7A4-9F53-46BE-B1A7-78DA6EDD9162}.Debug|Any CPU.Build.0 = Debug|Any CPU
		{F59DE7A4-9F53-46BE-B1A7-78DA6EDD9162}.Release|Any CPU.ActiveCfg = Release|Any CPU
		{F59DE7A4-9F53-46BE-B1A7-78DA6EDD9162}.Release|Any CPU.Build.0 = Release|Any CPU
	EndGlobalSection
	GlobalSection(SolutionProperties) = preSolution
		HideSolutionNode = FALSE
	EndGlobalSection
	GlobalSection(ExtensibilityGlobals) = postSolution
		SolutionGuid = {5A27901E-95EA-426E-ADCD-0A20DE84F21F}
	EndGlobalSection
EndGlobal
